
Microsoft Visual Studio Solution File, Format Version 12.00
# Visual Studio Version 17
VisualStudioVersion = 17.6.33801.468
MinimumVisualStudioVersion = 10.0.40219.1
Project("{9A19103F-16F7-4668-BE54-9A1E7A4F7556}") = "Capa Presentacion", "Capa Presentacion\Capa Presentacion.csproj", "{07A3EF6E-D120-458D-A098-75A275C3A408}"
EndProject
Project("{9A19103F-16F7-4668-BE54-9A1E7A4F7556}") = "Capa data", "Capa data\Capa data.csproj", "{7BDCB21D-6026-41E4-9EDB-31C849D7CF85}"
EndProject
Project("{9A19103F-16F7-4668-BE54-9A1E7A4F7556}") = "Capa negocio", "Capa negocio\Capa negocio.csproj", "{3D10F236-84F4-4BD6-BBA4-AE53F40D9C81}"
EndProject
Project("{FAE04EC0-301F-11D3-BF4B-00C04F79EFBC}") = "Utilities", "Utilities\Utilities.csproj", "{8E75FDA8-84C8-4595-BBB3-D40425BD010F}"
EndProject
Global
	GlobalSection(SolutionConfigurationPlatforms) = preSolution
		Debug|Any CPU = Debug|Any CPU
		Release|Any CPU = Release|Any CPU
	EndGlobalSection
	GlobalSection(ProjectConfigurationPlatforms) = postSolution
		{07A3EF6E-D120-458D-A098-75A275C3A408}.Debug|Any CPU.ActiveCfg = Debug|Any CPU
		{07A3EF6E-D120-458D-A098-75A275C3A408}.Debug|Any CPU.Build.0 = Debug|Any CPU
		{07A3EF6E-D120-458D-A098-75A275C3A408}.Release|Any CPU.ActiveCfg = Release|Any CPU
		{07A3EF6E-D120-458D-A098-75A275C3A408}.Release|Any CPU.Build.0 = Release|Any CPU
		{7BDCB21D-6026-41E4-9EDB-31C849D7CF85}.Debug|Any CPU.ActiveCfg = Debug|Any CPU
		{7BDCB21D-6026-41E4-9EDB-31C849D7CF85}.Debug|Any CPU.Build.0 = Debug|Any CPU
		{7BDCB21D-6026-41E4-9EDB-31C849D7CF85}.Release|Any CPU.ActiveCfg = Release|Any CPU
		{7BDCB21D-6026-41E4-9EDB-31C849D7CF85}.Release|Any CPU.Build.0 = Release|Any CPU
		{3D10F236-84F4-4BD6-BBA4-AE53F40D9C81}.Debug|Any CPU.ActiveCfg = Debug|Any CPU
		{3D10F236-84F4-4BD6-BBA4-AE53F40D9C81}.Debug|Any CPU.Build.0 = Debug|Any CPU
		{3D10F236-84F4-4BD6-BBA4-AE53F40D9C81}.Release|Any CPU.ActiveCfg = Release|Any CPU
		{3D10F236-84F4-4BD6-BBA4-AE53F40D9C81}.Release|Any CPU.Build.0 = Release|Any CPU
		{8E75FDA8-84C8-4595-BBB3-D40425BD010F}.Debug|Any CPU.ActiveCfg = Debug|Any CPU
		{8E75FDA8-84C8-4595-BBB3-D40425BD010F}.Debug|Any CPU.Build.0 = Debug|Any CPU
		{8E75FDA8-84C8-4595-BBB3-D40425BD010F}.Release|Any CPU.ActiveCfg = Release|Any CPU
		{8E75FDA8-84C8-4595-BBB3-D40425BD010F}.Release|Any CPU.Build.0 = Release|Any CPU
	EndGlobalSection
	GlobalSection(SolutionProperties) = preSolution
		HideSolutionNode = FALSE
	EndGlobalSection
	GlobalSection(ExtensibilityGlobals) = postSolution
		SolutionGuid = {2B67685A-BF7F-49FA-BE92-9BA28E9E1972}
	EndGlobalSection
EndGlobal
